
Microsoft Visual Studio Solution File, Format Version 12.00
# Visual Studio Version 17
VisualStudioVersion = 17.14.36623.8
MinimumVisualStudioVersion = 10.0.40219.1
Project("{FAE04EC0-301F-11D3-BF4B-00C04F79EFBC}") = "VMS.VisionSetup", "VMS.VisionSetup\VMS.VisionSetup.csproj", "{52B898F8-032D-4027-ACD5-A788EE1B3525}"
EndProject
Project("{FAE04EC0-301F-11D3-BF4B-00C04F79EFBC}") = "VMS.AppSetup", "VMS.AppSetup\VMS.AppSetup.csproj", "{05FF4277-3C7C-4195-82E3-F2FE6AE9A115}"
EndProject
Project("{FAE04EC0-301F-11D3-BF4B-00C04F79EFBC}") = "VMS", "VMS\VMS.csproj", "{A1B2C3D4-E5F6-7890-ABCD-EF1234567890}"
EndProject
Global
	GlobalSection(SolutionConfigurationPlatforms) = preSolution
		Debug|Any CPU = Debug|Any CPU
		Debug|x64 = Debug|x64
		Debug|x86 = Debug|x86
		Release|Any CPU = Release|Any CPU
		Release|x64 = Release|x64
		Release|x86 = Release|x86
	EndGlobalSection
	GlobalSection(ProjectConfigurationPlatforms) = postSolution
		{52B898F8-032D-4027-ACD5-A788EE1B3525}.Debug|Any CPU.ActiveCfg = Debug|Any CPU
		{52B898F8-032D-4027-ACD5-A788EE1B3525}.Debug|Any CPU.Build.0 = Debug|Any CPU
		{52B898F8-032D-4027-ACD5-A788EE1B3525}.Debug|x64.ActiveCfg = Debug|Any CPU
		{52B898F8-032D-4027-ACD5-A788EE1B3525}.Debug|x64.Build.0 = Debug|Any CPU
		{52B898F8-032D-4027-ACD5-A788EE1B3525}.Debug|x86.ActiveCfg = Debug|Any CPU
		{52B898F8-032D-4027-ACD5-A788EE1B3525}.Debug|x86.Build.0 = Debug|Any CPU
		{52B898F8-032D-4027-ACD5-A788EE1B3525}.Release|Any CPU.ActiveCfg = Release|Any CPU
		{52B898F8-032D-4027-ACD5-A788EE1B3525}.Release|Any CPU.Build.0 = Release|Any CPU
		{52B898F8-032D-4027-ACD5-A788EE1B3525}.Release|x64.ActiveCfg = Release|Any CPU
		{52B898F8-032D-4027-ACD5-A788EE1B3525}.Release|x64.Build.0 = Release|Any CPU
		{52B898F8-032D-4027-ACD5-A788EE1B3525}.Release|x86.ActiveCfg = Release|Any CPU
		{52B898F8-032D-4027-ACD5-A788EE1B3525}.Release|x86.Build.0 = Release|Any CPU
		{05FF4277-3C7C-4195-82E3-F2FE6AE9A115}.Debug|Any CPU.ActiveCfg = Debug|Any CPU
		{05FF4277-3C7C-4195-82E3-F2FE6AE9A115}.Debug|Any CPU.Build.0 = Debug|Any CPU
		{05FF4277-3C7C-4195-82E3-F2FE6AE9A115}.Debug|x64.ActiveCfg = Debug|Any CPU
		{05FF4277-3C7C-4195-82E3-F2FE6AE9A115}.Debug|x64.Build.0 = Debug|Any CPU
		{05FF4277-3C7C-4195-82E3-F2FE6AE9A115}.Debug|x86.ActiveCfg = Debug|Any CPU
		{05FF4277-3C7C-4195-82E3-F2FE6AE9A115}.Debug|x86.Build.0 = Debug|Any CPU
		{05FF4277-3C7C-4195-82E3-F2FE6AE9A115}.Release|Any CPU.ActiveCfg = Release|Any CPU
		{05FF4277-3C7C-4195-82E3-F2FE6AE9A115}.Release|Any CPU.Build.0 = Release|Any CPU
		{05FF4277-3C7C-4195-82E3-F2FE6AE9A115}.Release|x64.ActiveCfg = Release|Any CPU
		{05FF4277-3C7C-4195-82E3-F2FE6AE9A115}.Release|x64.Build.0 = Release|Any CPU
		{05FF4277-3C7C-4195-82E3-F2FE6AE9A115}.Release|x86.ActiveCfg = Release|Any CPU
		{05FF4277-3C7C-4195-82E3-F2FE6AE9A115}.Release|x86.Build.0 = Release|Any CPU
		{A1B2C3D4-E5F6-7890-ABCD-EF1234567890}.Debug|Any CPU.ActiveCfg = Debug|Any CPU
		{A1B2C3D4-E5F6-7890-ABCD-EF1234567890}.Debug|Any CPU.Build.0 = Debug|Any CPU
		{A1B2C3D4-E5F6-7890-ABCD-EF1234567890}.Debug|x64.ActiveCfg = Debug|Any CPU
		{A1B2C3D4-E5F6-7890-ABCD-EF1234567890}.Debug|x64.Build.0 = Debug|Any CPU
		{A1B2C3D4-E5F6-7890-ABCD-EF1234567890}.Debug|x86.ActiveCfg = Debug|Any CPU
		{A1B2C3D4-E5F6-7890-ABCD-EF1234567890}.Debug|x86.Build.0 = Debug|Any CPU
		{A1B2C3D4-E5F6-7890-ABCD-EF1234567890}.Release|Any CPU.ActiveCfg = Release|Any CPU
		{A1B2C3D4-E5F6-7890-ABCD-EF1234567890}.Release|Any CPU.Build.0 = Release|Any CPU
		{A1B2C3D4-E5F6-7890-ABCD-EF1234567890}.Release|x64.ActiveCfg = Release|Any CPU
		{A1B2C3D4-E5F6-7890-ABCD-EF1234567890}.Release|x64.Build.0 = Release|Any CPU
		{A1B2C3D4-E5F6-7890-ABCD-EF1234567890}.Release|x86.ActiveCfg = Release|Any CPU
		{A1B2C3D4-E5F6-7890-ABCD-EF1234567890}.Release|x86.Build.0 = Release|Any CPU
	EndGlobalSection
	GlobalSection(SolutionProperties) = preSolution
		HideSolutionNode = FALSE
	EndGlobalSection
	GlobalSection(ExtensibilityGlobals) = postSolution
		SolutionGuid = {89F8BB0E-6B7B-427F-8351-2B5B7650A9A0}
	EndGlobalSection
EndGlobal
